
Microsoft Visual Studio Solution File, Format Version 12.00
# Visual Studio Version 16
VisualStudioVersion = 16.0.32413.511
MinimumVisualStudioVersion = 10.0.40219.1
Project("{FAE04EC0-301F-11D3-BF4B-00C04F79EFBC}") = "Obserwator", "Obserwator\Obserwator.csproj", "{2A92B2C6-C90E-41D8-9047-BA8D7D371803}"
EndProject
Global
	GlobalSection(SolutionConfigurationPlatforms) = preSolution
		Debug|Any CPU = Debug|Any CPU
		Release|Any CPU = Release|Any CPU
	EndGlobalSection
	GlobalSection(ProjectConfigurationPlatforms) = postSolution
		{2A92B2C6-C90E-41D8-9047-BA8D7D371803}.Debug|Any CPU.ActiveCfg = Debug|Any CPU
		{2A92B2C6-C90E-41D8-9047-BA8D7D371803}.Debug|Any CPU.Build.0 = Debug|Any CPU
		{2A92B2C6-C90E-41D8-9047-BA8D7D371803}.Release|Any CPU.ActiveCfg = Release|Any CPU
		{2A92B2C6-C90E-41D8-9047-BA8D7D371803}.Release|Any CPU.Build.0 = Release|Any CPU
	EndGlobalSection
	GlobalSection(SolutionProperties) = preSolution
		HideSolutionNode = FALSE
	EndGlobalSection
	GlobalSection(ExtensibilityGlobals) = postSolution
		SolutionGuid = {C0E5238E-306A-4FCE-94AA-E205A330146E}
	EndGlobalSection
EndGlobal
